{
    "_readme": [
        "This file locks the dependencies of your project to a known state",
        "Read more about it at https://getcomposer.org/doc/01-basic-usage.md#installing-dependencies",
        "This file is @generated automatically"
    ],
    "content-hash": "9047a0fe0553fa86198bdfa1e4dd5101",
    "packages": [
        {
            "name": "avadim/fast-excel-helper",
            "version": "v1.3.0",
            "source": {
                "type": "git",
                "url": "https://github.com/aVadim483/fast-excel-helper.git",
                "reference": "5994f8afc69853f34669a9b71eccb4bf45025514"
            },
            "dist": {
                "type": "zip",
                "url": "https://api.github.com/repos/aVadim483/fast-excel-helper/zipball/5994f8afc69853f34669a9b71eccb4bf45025514",
                "reference": "5994f8afc69853f34669a9b71eccb4bf45025514",
                "shasum": ""
            },
            "require": {
                "ext-ctype": "*",
                "ext-json": "*",
                "ext-mbstring": "*",
                "ext-zip": "*",
                "php": ">=7.4"
            },
            "require-dev": {
                "phpunit/phpunit": "^9.0"
            },
            "type": "library",
            "autoload": {
                "psr-4": {
                    "avadim\\FastExcelHelper\\": "./src/FastExcelHelper"
                }
            },
            "notification-url": "https://packagist.org/downloads/",
            "license": [
                "MIT"
            ],
            "description": "Helper for avadim/fast-excel-reader and avadim/fast-excel-writer",
            "homepage": "https://github.com/aVadim483/fast-excel-helper",
            "keywords": [
                "MS Office",
                "PHPExcel",
                "excel",
                "library",
                "office 2007",
                "parser",
                "php",
                "reader",
                "spreadsheet",
                "writer",
                "xlsx"
            ],
            "support": {
                "issues": "https://github.com/aVadim483/fast-excel-helper/issues",
                "source": "https://github.com/aVadim483/fast-excel-helper/tree/v1.3.0"
            },
            "time": "2025-06-01T13:55:34+00:00"
        },
        {
            "name": "avadim/fast-excel-writer",
            "version": "v6.13.2",
            "source": {
                "type": "git",
                "url": "https://github.com/aVadim483/fast-excel-writer.git",
                "reference": "6232c3b2d1a5543cd1f2bc870893fa0e36d1d613"
            },
            "dist": {
                "type": "zip",
                "url": "https://api.github.com/repos/aVadim483/fast-excel-writer/zipball/6232c3b2d1a5543cd1f2bc870893fa0e36d1d613",
                "reference": "6232c3b2d1a5543cd1f2bc870893fa0e36d1d613",
                "shasum": ""
            },
            "require": {
                "avadim/fast-excel-helper": "^1.3",
                "ext-json": "*",
                "ext-mbstring": "*",
                "ext-zip": "*",
                "php": ">=7.4"
            },
            "require-dev": {
                "avadim/fast-excel-reader": "^2.30",
                "ext-fileinfo": "*",
                "phpunit/phpunit": "^9.0"
            },
            "type": "library",
            "autoload": {
                "psr-4": {
                    "avadim\\FastExcelWriter\\": "./src/FastExcelWriter"
                }
            },
            "notification-url": "https://packagist.org/downloads/",
            "license": [
                "MIT"
            ],
            "description": "Lightweight and very fast XLSX Excel Spreadsheet Writer in PHP",
            "homepage": "https://github.com/aVadim483/fast-excel-writer",
            "keywords": [
                "MS Office",
                "PHPExcel",
                "excel",
                "export",
                "library",
                "office 2007",
                "php",
                "spreadsheet",
                "xls",
                "xlsx"
            ],
            "support": {
                "issues": "https://github.com/aVadim483/fast-excel-writer/issues",
                "source": "https://github.com/aVadim483/fast-excel-writer/tree/v6.13.2"
            },
            "time": "2026-06-30T19:09:27+00:00"
        }
    ],
    "packages-dev": [],
    "aliases": [],
    "minimum-stability": "stable",
    "stability-flags": {},
    "prefer-stable": false,
    "prefer-lowest": false,
    "platform": {},
    "platform-dev": {},
    "platform-overrides": {
        "php": "7.4"
    },
    "plugin-api-version": "2.6.0"
}
